
Microsoft Visual Studio Solution File, Format Version 12.00
# Visual Studio Version 17
VisualStudioVersion = 17.0.31903.59
MinimumVisualStudioVersion = 10.0.40219.1
Project("{2150E333-8FDC-42A3-9474-1A3956D46DE8}") = "src", "src", "{827E0CD3-B72D-47B6-A68D-7590B98EB39B}"
EndProject
Project("{2150E333-8FDC-42A3-9474-1A3956D46DE8}") = "Application", "Application", "{22BAF98C-8415-17C4-B26A-D537657BC863}"
EndProject
Project("{FAE04EC0-301F-11D3-BF4B-00C04F79EFBC}") = "StayHere.Application", "src\Application\StayHere.Application.csproj", "{C69BDCD1-5D0A-453F-A74A-A6AA6479B17B}"
EndProject
Project("{FAE04EC0-301F-11D3-BF4B-00C04F79EFBC}") = "StayHere.Domain", "src\Domain\StayHere.Domain.csproj", "{DAFA997D-90C9-42CE-86AB-FFABEBB2283E}"
EndProject
Project("{FAE04EC0-301F-11D3-BF4B-00C04F79EFBC}") = "StayHere.Infrastructure", "src\Infrastructure\StayHere.Infrastructure.csproj", "{C70F8D2B-A58F-462C-A71C-D91F4BC96551}"
EndProject
Project("{FAE04EC0-301F-11D3-BF4B-00C04F79EFBC}") = "StayHere.Shared", "src\Shared\StayHere.Shared.csproj", "{EB0E19F2-EF29-4185-B383-F663527353E3}"
EndProject
Project("{2150E333-8FDC-42A3-9474-1A3956D46DE8}") = "FunctionApps", "FunctionApps", "{67409DE7-479B-D59A-54F4-B9228F97664E}"
EndProject
Project("{2150E333-8FDC-42A3-9474-1A3956D46DE8}") = "PropertyService", "PropertyService", "{023243E6-0189-0BA4-D792-B24E11E7E6C2}"
EndProject
Project("{FAE04EC0-301F-11D3-BF4B-00C04F79EFBC}") = "StayHere.PropertyService", "src\FunctionApps\PropertyService\StayHere.PropertyService.csproj", "{A41DCB81-48D0-40FA-853A-69BFD31A25AC}"
EndProject
Project("{2150E333-8FDC-42A3-9474-1A3956D46DE8}") = "StaticDataService", "StaticDataService", "{B1234567-89AB-CDEF-0123-456789ABCDEF}"
EndProject
Project("{FAE04EC0-301F-11D3-BF4B-00C04F79EFBC}") = "StayHere.StaticDataService", "src\FunctionApps\StaticDataService\StayHere.StaticDataService.csproj", "{D1234567-89AB-CDEF-0123-456789ABCDE0}"
EndProject
Project("{2150E333-8FDC-42A3-9474-1A3956D46DE8}") = "PropertyOwnerService", "PropertyOwnerService", "{E1234567-89AB-CDEF-0123-456789ABCDE1}"
EndProject
Project("{FAE04EC0-301F-11D3-BF4B-00C04F79EFBC}") = "StayHere.PropertyOwnerService", "src\FunctionApps\PropertyOwnerService\StayHere.PropertyOwnerService.csproj", "{F1234567-89AB-CDEF-0123-456789ABCDE2}"
EndProject
Project("{2150E333-8FDC-42A3-9474-1A3956D46DE8}") = "CustomerService", "CustomerService", "{0F9E1C3A-1234-4ABC-8DEF-001122334455}"
EndProject
Project("{FAE04EC0-301F-11D3-BF4B-00C04F79EFBC}") = "StayHere.CustomerService", "src\FunctionApps\CustomerService\StayHere.CustomerService.csproj", "{1A2B3C4D-5678-4E9F-ABCD-998877665544}"
EndProject
Global
	GlobalSection(SolutionConfigurationPlatforms) = preSolution
		Debug|Any CPU = Debug|Any CPU
		Debug|x64 = Debug|x64
		Debug|x86 = Debug|x86
		Release|Any CPU = Release|Any CPU
		Release|x64 = Release|x64
		Release|x86 = Release|x86
	EndGlobalSection
	GlobalSection(ProjectConfigurationPlatforms) = postSolution
		{C69BDCD1-5D0A-453F-A74A-A6AA6479B17B}.Debug|Any CPU.ActiveCfg = Debug|Any CPU
		{C69BDCD1-5D0A-453F-A74A-A6AA6479B17B}.Debug|Any CPU.Build.0 = Debug|Any CPU
		{C69BDCD1-5D0A-453F-A74A-A6AA6479B17B}.Debug|x64.ActiveCfg = Debug|Any CPU
		{C69BDCD1-5D0A-453F-A74A-A6AA6479B17B}.Debug|x64.Build.0 = Debug|Any CPU
		{C69BDCD1-5D0A-453F-A74A-A6AA6479B17B}.Debug|x86.ActiveCfg = Debug|Any CPU
		{C69BDCD1-5D0A-453F-A74A-A6AA6479B17B}.Debug|x86.Build.0 = Debug|Any CPU
		{C69BDCD1-5D0A-453F-A74A-A6AA6479B17B}.Release|Any CPU.ActiveCfg = Release|Any CPU
		{C69BDCD1-5D0A-453F-A74A-A6AA6479B17B}.Release|Any CPU.Build.0 = Release|Any CPU
		{C69BDCD1-5D0A-453F-A74A-A6AA6479B17B}.Release|x64.ActiveCfg = Release|Any CPU
		{C69BDCD1-5D0A-453F-A74A-A6AA6479B17B}.Release|x64.Build.0 = Release|Any CPU
		{C69BDCD1-5D0A-453F-A74A-A6AA6479B17B}.Release|x86.ActiveCfg = Release|Any CPU
		{C69BDCD1-5D0A-453F-A74A-A6AA6479B17B}.Release|x86.Build.0 = Release|Any CPU
		{DAFA997D-90C9-42CE-86AB-FFABEBB2283E}.Debug|Any CPU.ActiveCfg = Debug|Any CPU
		{DAFA997D-90C9-42CE-86AB-FFABEBB2283E}.Debug|Any CPU.Build.0 = Debug|Any CPU
		{DAFA997D-90C9-42CE-86AB-FFABEBB2283E}.Debug|x64.ActiveCfg = Debug|Any CPU
		{DAFA997D-90C9-42CE-86AB-FFABEBB2283E}.Debug|x64.Build.0 = Debug|Any CPU
		{DAFA997D-90C9-42CE-86AB-FFABEBB2283E}.Debug|x86.ActiveCfg = Debug|Any CPU
		{DAFA997D-90C9-42CE-86AB-FFABEBB2283E}.Debug|x86.Build.0 = Debug|Any CPU
		{DAFA997D-90C9-42CE-86AB-FFABEBB2283E}.Release|Any CPU.ActiveCfg = Release|Any CPU
		{DAFA997D-90C9-42CE-86AB-FFABEBB2283E}.Release|Any CPU.Build.0 = Release|Any CPU
		{DAFA997D-90C9-42CE-86AB-FFABEBB2283E}.Release|x64.ActiveCfg = Release|Any CPU
		{DAFA997D-90C9-42CE-86AB-FFABEBB2283E}.Release|x64.Build.0 = Release|Any CPU
		{DAFA997D-90C9-42CE-86AB-FFABEBB2283E}.Release|x86.ActiveCfg = Release|Any CPU
		{DAFA997D-90C9-42CE-86AB-FFABEBB2283E}.Release|x86.Build.0 = Release|Any CPU
		{C70F8D2B-A58F-462C-A71C-D91F4BC96551}.Debug|Any CPU.ActiveCfg = Debug|Any CPU
		{C70F8D2B-A58F-462C-A71C-D91F4BC96551}.Debug|Any CPU.Build.0 = Debug|Any CPU
		{C70F8D2B-A58F-462C-A71C-D91F4BC96551}.Debug|x64.ActiveCfg = Debug|Any CPU
		{C70F8D2B-A58F-462C-A71C-D91F4BC96551}.Debug|x64.Build.0 = Debug|Any CPU
		{C70F8D2B-A58F-462C-A71C-D91F4BC96551}.Debug|x86.ActiveCfg = Debug|Any CPU
		{C70F8D2B-A58F-462C-A71C-D91F4BC96551}.Debug|x86.Build.0 = Debug|Any CPU
		{C70F8D2B-A58F-462C-A71C-D91F4BC96551}.Release|Any CPU.ActiveCfg = Release|Any CPU
		{C70F8D2B-A58F-462C-A71C-D91F4BC96551}.Release|Any CPU.Build.0 = Release|Any CPU
		{C70F8D2B-A58F-462C-A71C-D91F4BC96551}.Release|x64.ActiveCfg = Release|Any CPU
		{C70F8D2B-A58F-462C-A71C-D91F4BC96551}.Release|x64.Build.0 = Release|Any CPU
		{C70F8D2B-A58F-462C-A71C-D91F4BC96551}.Release|x86.ActiveCfg = Release|Any CPU
		{C70F8D2B-A58F-462C-A71C-D91F4BC96551}.Release|x86.Build.0 = Release|Any CPU
		{EB0E19F2-EF29-4185-B383-F663527353E3}.Debug|Any CPU.ActiveCfg = Debug|Any CPU
		{EB0E19F2-EF29-4185-B383-F663527353E3}.Debug|Any CPU.Build.0 = Debug|Any CPU
		{EB0E19F2-EF29-4185-B383-F663527353E3}.Debug|x64.ActiveCfg = Debug|Any CPU
		{EB0E19F2-EF29-4185-B383-F663527353E3}.Debug|x64.Build.0 = Debug|Any CPU
		{EB0E19F2-EF29-4185-B383-F663527353E3}.Debug|x86.ActiveCfg = Debug|Any CPU
		{EB0E19F2-EF29-4185-B383-F663527353E3}.Debug|x86.Build.0 = Debug|Any CPU
		{EB0E19F2-EF29-4185-B383-F663527353E3}.Release|Any CPU.ActiveCfg = Release|Any CPU
		{EB0E19F2-EF29-4185-B383-F663527353E3}.Release|Any CPU.Build.0 = Release|Any CPU
		{EB0E19F2-EF29-4185-B383-F663527353E3}.Release|x64.ActiveCfg = Release|Any CPU
		{EB0E19F2-EF29-4185-B383-F663527353E3}.Release|x64.Build.0 = Release|Any CPU
		{EB0E19F2-EF29-4185-B383-F663527353E3}.Release|x86.ActiveCfg = Release|Any CPU
		{EB0E19F2-EF29-4185-B383-F663527353E3}.Release|x86.Build.0 = Release|Any CPU
		{A41DCB81-48D0-40FA-853A-69BFD31A25AC}.Debug|Any CPU.ActiveCfg = Debug|Any CPU
		{A41DCB81-48D0-40FA-853A-69BFD31A25AC}.Debug|Any CPU.Build.0 = Debug|Any CPU
		{A41DCB81-48D0-40FA-853A-69BFD31A25AC}.Debug|x64.ActiveCfg = Debug|Any CPU
		{A41DCB81-48D0-40FA-853A-69BFD31A25AC}.Debug|x64.Build.0 = Debug|Any CPU
		{A41DCB81-48D0-40FA-853A-69BFD31A25AC}.Debug|x86.ActiveCfg = Debug|Any CPU
		{A41DCB81-48D0-40FA-853A-69BFD31A25AC}.Debug|x86.Build.0 = Debug|Any CPU
		{A41DCB81-48D0-40FA-853A-69BFD31A25AC}.Release|Any CPU.ActiveCfg = Release|Any CPU
		{A41DCB81-48D0-40FA-853A-69BFD31A25AC}.Release|Any CPU.Build.0 = Release|Any CPU
		{A41DCB81-48D0-40FA-853A-69BFD31A25AC}.Release|x64.ActiveCfg = Release|Any CPU
		{A41DCB81-48D0-40FA-853A-69BFD31A25AC}.Release|x64.Build.0 = Release|Any CPU
		{A41DCB81-48D0-40FA-853A-69BFD31A25AC}.Release|x86.ActiveCfg = Release|Any CPU
		{A41DCB81-48D0-40FA-853A-69BFD31A25AC}.Release|x86.Build.0 = Release|Any CPU
		{D1234567-89AB-CDEF-0123-456789ABCDE0}.Debug|Any CPU.ActiveCfg = Debug|Any CPU
		{D1234567-89AB-CDEF-0123-456789ABCDE0}.Debug|Any CPU.Build.0 = Debug|Any CPU
		{D1234567-89AB-CDEF-0123-456789ABCDE0}.Debug|x64.ActiveCfg = Debug|Any CPU
		{D1234567-89AB-CDEF-0123-456789ABCDE0}.Debug|x64.Build.0 = Debug|Any CPU
		{D1234567-89AB-CDEF-0123-456789ABCDE0}.Debug|x86.ActiveCfg = Debug|Any CPU
		{D1234567-89AB-CDEF-0123-456789ABCDE0}.Debug|x86.Build.0 = Debug|Any CPU
		{D1234567-89AB-CDEF-0123-456789ABCDE0}.Release|Any CPU.ActiveCfg = Release|Any CPU
		{D1234567-89AB-CDEF-0123-456789ABCDE0}.Release|Any CPU.Build.0 = Release|Any CPU
		{D1234567-89AB-CDEF-0123-456789ABCDE0}.Release|x64.ActiveCfg = Release|Any CPU
		{D1234567-89AB-CDEF-0123-456789ABCDE0}.Release|x64.Build.0 = Release|Any CPU
		{D1234567-89AB-CDEF-0123-456789ABCDE0}.Release|x86.ActiveCfg = Release|Any CPU
		{D1234567-89AB-CDEF-0123-456789ABCDE0}.Release|x86.Build.0 = Release|Any CPU
		{F1234567-89AB-CDEF-0123-456789ABCDE2}.Debug|Any CPU.ActiveCfg = Debug|Any CPU
		{F1234567-89AB-CDEF-0123-456789ABCDE2}.Debug|Any CPU.Build.0 = Debug|Any CPU
		{F1234567-89AB-CDEF-0123-456789ABCDE2}.Debug|x64.ActiveCfg = Debug|Any CPU
		{F1234567-89AB-CDEF-0123-456789ABCDE2}.Debug|x64.Build.0 = Debug|Any CPU
		{F1234567-89AB-CDEF-0123-456789ABCDE2}.Debug|x86.ActiveCfg = Debug|Any CPU
		{F1234567-89AB-CDEF-0123-456789ABCDE2}.Debug|x86.Build.0 = Debug|Any CPU
		{F1234567-89AB-CDEF-0123-456789ABCDE2}.Release|Any CPU.ActiveCfg = Release|Any CPU
		{F1234567-89AB-CDEF-0123-456789ABCDE2}.Release|Any CPU.Build.0 = Release|Any CPU
		{F1234567-89AB-CDEF-0123-456789ABCDE2}.Release|x64.ActiveCfg = Release|Any CPU
		{F1234567-89AB-CDEF-0123-456789ABCDE2}.Release|x64.Build.0 = Release|Any CPU
		{F1234567-89AB-CDEF-0123-456789ABCDE2}.Release|x86.ActiveCfg = Release|Any CPU
		{F1234567-89AB-CDEF-0123-456789ABCDE2}.Release|x86.Build.0 = Release|Any CPU
		{1A2B3C4D-5678-4E9F-ABCD-998877665544}.Debug|Any CPU.ActiveCfg = Debug|Any CPU
		{1A2B3C4D-5678-4E9F-ABCD-998877665544}.Debug|Any CPU.Build.0 = Debug|Any CPU
		{1A2B3C4D-5678-4E9F-ABCD-998877665544}.Debug|x64.ActiveCfg = Debug|Any CPU
		{1A2B3C4D-5678-4E9F-ABCD-998877665544}.Debug|x64.Build.0 = Debug|Any CPU
		{1A2B3C4D-5678-4E9F-ABCD-998877665544}.Debug|x86.ActiveCfg = Debug|Any CPU
		{1A2B3C4D-5678-4E9F-ABCD-998877665544}.Debug|x86.Build.0 = Debug|Any CPU
		{1A2B3C4D-5678-4E9F-ABCD-998877665544}.Release|Any CPU.ActiveCfg = Release|Any CPU
		{1A2B3C4D-5678-4E9F-ABCD-998877665544}.Release|Any CPU.Build.0 = Release|Any CPU
		{1A2B3C4D-5678-4E9F-ABCD-998877665544}.Release|x64.ActiveCfg = Release|Any CPU
		{1A2B3C4D-5678-4E9F-ABCD-998877665544}.Release|x64.Build.0 = Release|Any CPU
		{1A2B3C4D-5678-4E9F-ABCD-998877665544}.Release|x86.ActiveCfg = Release|Any CPU
		{1A2B3C4D-5678-4E9F-ABCD-998877665544}.Release|x86.Build.0 = Release|Any CPU
	EndGlobalSection
	GlobalSection(SolutionProperties) = preSolution
		HideSolutionNode = FALSE
	EndGlobalSection
	GlobalSection(NestedProjects) = preSolution
		{22BAF98C-8415-17C4-B26A-D537657BC863} = {827E0CD3-B72D-47B6-A68D-7590B98EB39B}
		{C69BDCD1-5D0A-453F-A74A-A6AA6479B17B} = {22BAF98C-8415-17C4-B26A-D537657BC863}
		{DAFA997D-90C9-42CE-86AB-FFABEBB2283E} = {22BAF98C-8415-17C4-B26A-D537657BC863}
		{C70F8D2B-A58F-462C-A71C-D91F4BC96551} = {22BAF98C-8415-17C4-B26A-D537657BC863}
		{EB0E19F2-EF29-4185-B383-F663527353E3} = {22BAF98C-8415-17C4-B26A-D537657BC863}
		{67409DE7-479B-D59A-54F4-B9228F97664E} = {827E0CD3-B72D-47B6-A68D-7590B98EB39B}
		{023243E6-0189-0BA4-D792-B24E11E7E6C2} = {67409DE7-479B-D59A-54F4-B9228F97664E}
		{A41DCB81-48D0-40FA-853A-69BFD31A25AC} = {023243E6-0189-0BA4-D792-B24E11E7E6C2}
		{B1234567-89AB-CDEF-0123-456789ABCDEF} = {67409DE7-479B-D59A-54F4-B9228F97664E}
		{D1234567-89AB-CDEF-0123-456789ABCDE0} = {B1234567-89AB-CDEF-0123-456789ABCDEF}
		{E1234567-89AB-CDEF-0123-456789ABCDE1} = {67409DE7-479B-D59A-54F4-B9228F97664E}
		{F1234567-89AB-CDEF-0123-456789ABCDE2} = {E1234567-89AB-CDEF-0123-456789ABCDE1}
		{0F9E1C3A-1234-4ABC-8DEF-001122334455} = {67409DE7-479B-D59A-54F4-B9228F97664E}
		{1A2B3C4D-5678-4E9F-ABCD-998877665544} = {0F9E1C3A-1234-4ABC-8DEF-001122334455}
	EndGlobalSection
EndGlobal
